
Microsoft Visual Studio Solution File, Format Version 12.00
# Visual Studio 2017
Project("{FAE04EC0-301F-11D3-BF4B-00C04F79EFBC}") = "NinjaPoker", "NinjaPoker.csproj", "{ABE50F73-E37A-38FD-C8EC-48A97CB3AA55}"
EndProject
Project("{FAE04EC0-301F-11D3-BF4B-00C04F79EFBC}") = "NinjaPoker.Editor", "NinjaPoker.Editor.csproj", "{09977994-91D5-49FB-B7FC-BD56B29A7AC1}"
EndProject
Global
	GlobalSection(SolutionConfigurationPlatforms) = preSolution
		Debug|Any CPU = Debug|Any CPU
		Release|Any CPU = Release|Any CPU
	EndGlobalSection
	GlobalSection(ProjectConfigurationPlatforms) = postSolution
		{ABE50F73-E37A-38FD-C8EC-48A97CB3AA55}.Debug|Any CPU.ActiveCfg = Debug|Any CPU
		{ABE50F73-E37A-38FD-C8EC-48A97CB3AA55}.Debug|Any CPU.Build.0 = Debug|Any CPU
		{ABE50F73-E37A-38FD-C8EC-48A97CB3AA55}.Release|Any CPU.ActiveCfg = Release|Any CPU
		{ABE50F73-E37A-38FD-C8EC-48A97CB3AA55}.Release|Any CPU.Build.0 = Release|Any CPU
		{09977994-91D5-49FB-B7FC-BD56B29A7AC1}.Debug|Any CPU.ActiveCfg = Debug|Any CPU
		{09977994-91D5-49FB-B7FC-BD56B29A7AC1}.Debug|Any CPU.Build.0 = Debug|Any CPU
		{09977994-91D5-49FB-B7FC-BD56B29A7AC1}.Release|Any CPU.ActiveCfg = Release|Any CPU
		{09977994-91D5-49FB-B7FC-BD56B29A7AC1}.Release|Any CPU.Build.0 = Release|Any CPU
	EndGlobalSection
	GlobalSection(SolutionProperties) = preSolution
		HideSolutionNode = FALSE
	EndGlobalSection
EndGlobal
